
Microsoft Visual Studio Solution File, Format Version 12.00
# Visual Studio Version 16
VisualStudioVersion = 16.0.32630.194
MinimumVisualStudioVersion = 10.0.40219.1
Project("{FAE04EC0-301F-11D3-BF4B-00C04F79EFBC}") = "Uyg1", "Uyg1\Uyg1.csproj", "{7367EB11-7055-437A-AA05-8FF3F88F6714}"
EndProject
Project("{FAE04EC0-301F-11D3-BF4B-00C04F79EFBC}") = "Uyg2", "Uyg2\Uyg2.csproj", "{248DCFA7-2348-463A-88F0-24FC14B2A9D0}"
EndProject
Project("{FAE04EC0-301F-11D3-BF4B-00C04F79EFBC}") = "Uyg3", "Uyg3\Uyg3.csproj", "{C98CBE4C-08AB-4C83-8ED8-FD4DA5BF039F}"
EndProject
Project("{FAE04EC0-301F-11D3-BF4B-00C04F79EFBC}") = "Uyg4", "Uyg4\Uyg4.csproj", "{B0F3A0BD-A96E-4A9E-A128-53D5582B09A7}"
EndProject
Project("{FAE04EC0-301F-11D3-BF4B-00C04F79EFBC}") = "Uyg5", "Uyg5\Uyg5.csproj", "{CD41CAE6-5523-4363-AA69-9EBEC6AE9261}"
EndProject
Project("{FAE04EC0-301F-11D3-BF4B-00C04F79EFBC}") = "Uyg6", "Uyg6\Uyg6.csproj", "{2321D1A6-837A-4B2E-B315-159A5F189222}"
EndProject
Project("{FAE04EC0-301F-11D3-BF4B-00C04F79EFBC}") = "Uyg7", "Uyg7\Uyg7.csproj", "{CCC4E037-F3B5-4135-8F52-B1016E8C7931}"
EndProject
Project("{FAE04EC0-301F-11D3-BF4B-00C04F79EFBC}") = "Uyg8", "Uyg8\Uyg8.csproj", "{98337D51-88F2-427F-9A88-5A5F54CBE2DC}"
EndProject
Project("{FAE04EC0-301F-11D3-BF4B-00C04F79EFBC}") = "Uyg9", "Uyg9\Uyg9.csproj", "{52C9B47E-5147-4999-8651-D17C81CB4416}"
EndProject
Project("{FAE04EC0-301F-11D3-BF4B-00C04F79EFBC}") = "Uyg10", "Uyg10\Uyg10.csproj", "{1D02C9C2-EDC2-4F02-B84A-4D04CD58DD1E}"
EndProject
Project("{FAE04EC0-301F-11D3-BF4B-00C04F79EFBC}") = "Uyg11", "Uyg11\Uyg11.csproj", "{103B5626-A9ED-460B-B628-8FADD98FD6F1}"
EndProject
Project("{FAE04EC0-301F-11D3-BF4B-00C04F79EFBC}") = "Uyg12", "Uyg12\Uyg12.csproj", "{34A8A125-2BF7-4839-BE70-527BD37CAC60}"
EndProject
Project("{FAE04EC0-301F-11D3-BF4B-00C04F79EFBC}") = "Uyg13", "Uyg13\Uyg13.csproj", "{0FD7451E-D429-4C7E-8C2D-E2CD1946C545}"
EndProject
Project("{FAE04EC0-301F-11D3-BF4B-00C04F79EFBC}") = "Uyg14", "Uyg14\Uyg14.csproj", "{6FC47282-1AAC-4954-A1FA-C7EB128A8C5A}"
EndProject
Project("{FAE04EC0-301F-11D3-BF4B-00C04F79EFBC}") = "Uyg15", "Uyg15\Uyg15.csproj", "{A90FFBCA-11D9-471D-BCB3-5376BDE5E6E9}"
EndProject
Project("{FAE04EC0-301F-11D3-BF4B-00C04F79EFBC}") = "Uyg16", "Uyg16\Uyg16.csproj", "{B01EB9F7-7BFD-442B-898E-9912DC7415C6}"
EndProject
Project("{FAE04EC0-301F-11D3-BF4B-00C04F79EFBC}") = "Uyg17", "Uyg17\Uyg17.csproj", "{C978C43B-39C5-449D-9DED-E9CDE3CB273F}"
EndProject
Project("{FAE04EC0-301F-11D3-BF4B-00C04F79EFBC}") = "Uyg18", "Uyg18\Uyg18.csproj", "{27F2C0DF-13F7-4476-A6B6-5D85E04BB72C}"
EndProject
Project("{FAE04EC0-301F-11D3-BF4B-00C04F79EFBC}") = "Uyg19", "Uyg19\Uyg19.csproj", "{9EED6A95-6A8C-46A1-BC24-622DE0B9FB51}"
EndProject
Project("{FAE04EC0-301F-11D3-BF4B-00C04F79EFBC}") = "Uyg20", "Uyg20\Uyg20.csproj", "{1C4DFBB1-00BB-480F-9AFC-E6FCDD4BB76D}"
EndProject
Project("{FAE04EC0-301F-11D3-BF4B-00C04F79EFBC}") = "Uyg21", "Uyg21\Uyg21.csproj", "{253FA650-8711-4ADD-B51B-09A17058E8AC}"
EndProject
Project("{FAE04EC0-301F-11D3-BF4B-00C04F79EFBC}") = "Uyg22", "Uyg22\Uyg22.csproj", "{5D9B76E3-F0C5-4344-B5A7-EEBAA56F9B53}"
EndProject
Project("{FAE04EC0-301F-11D3-BF4B-00C04F79EFBC}") = "Uyg23", "Uyg23\Uyg23.csproj", "{16CC5A38-5135-45A6-BC42-A01DB19520CD}"
EndProject
Project("{FAE04EC0-301F-11D3-BF4B-00C04F79EFBC}") = "Uyg24", "Uyg24\Uyg24.csproj", "{4CE31AF3-280E-48C9-9791-A62BC051975D}"
EndProject
Project("{FAE04EC0-301F-11D3-BF4B-00C04F79EFBC}") = "Uyg25", "Uyg25\Uyg25.csproj", "{06948CA2-1FCC-4C45-B4F9-8CA0C66DEDEC}"
EndProject
Project("{FAE04EC0-301F-11D3-BF4B-00C04F79EFBC}") = "Uyg26", "Uyg26\Uyg26.csproj", "{38BDE767-CAAE-4B8A-B2F8-4E7596D60718}"
EndProject
Project("{FAE04EC0-301F-11D3-BF4B-00C04F79EFBC}") = "Uyg27", "Uyg27\Uyg27.csproj", "{6498D814-493A-4D80-9895-CC9E502291B2}"
EndProject
Project("{FAE04EC0-301F-11D3-BF4B-00C04F79EFBC}") = "Uyg28", "Uyg28\Uyg28.csproj", "{719A00BC-9774-4906-AA62-495D17DE919B}"
EndProject
Project("{FAE04EC0-301F-11D3-BF4B-00C04F79EFBC}") = "Uyg29", "Uyg29\Uyg29.csproj", "{8C493161-F3C2-453A-80D2-F96D4A11EADF}"
EndProject
Project("{FAE04EC0-301F-11D3-BF4B-00C04F79EFBC}") = "Uyg30", "Uyg30\Uyg30.csproj", "{ED6FDBF4-F828-46BF-8DBC-07A36620C613}"
EndProject
Global
	GlobalSection(SolutionConfigurationPlatforms) = preSolution
		Debug|Any CPU = Debug|Any CPU
		Release|Any CPU = Release|Any CPU
	EndGlobalSection
	GlobalSection(ProjectConfigurationPlatforms) = postSolution
		{7367EB11-7055-437A-AA05-8FF3F88F6714}.Debug|Any CPU.ActiveCfg = Debug|Any CPU
		{7367EB11-7055-437A-AA05-8FF3F88F6714}.Debug|Any CPU.Build.0 = Debug|Any CPU
		{7367EB11-7055-437A-AA05-8FF3F88F6714}.Release|Any CPU.ActiveCfg = Release|Any CPU
		{7367EB11-7055-437A-AA05-8FF3F88F6714}.Release|Any CPU.Build.0 = Release|Any CPU
		{248DCFA7-2348-463A-88F0-24FC14B2A9D0}.Debug|Any CPU.ActiveCfg = Debug|Any CPU
		{248DCFA7-2348-463A-88F0-24FC14B2A9D0}.Debug|Any CPU.Build.0 = Debug|Any CPU
		{248DCFA7-2348-463A-88F0-24FC14B2A9D0}.Release|Any CPU.ActiveCfg = Release|Any CPU
		{248DCFA7-2348-463A-88F0-24FC14B2A9D0}.Release|Any CPU.Build.0 = Release|Any CPU
		{C98CBE4C-08AB-4C83-8ED8-FD4DA5BF039F}.Debug|Any CPU.ActiveCfg = Debug|Any CPU
		{C98CBE4C-08AB-4C83-8ED8-FD4DA5BF039F}.Debug|Any CPU.Build.0 = Debug|Any CPU
		{C98CBE4C-08AB-4C83-8ED8-FD4DA5BF039F}.Release|Any CPU.ActiveCfg = Release|Any CPU
		{C98CBE4C-08AB-4C83-8ED8-FD4DA5BF039F}.Release|Any CPU.Build.0 = Release|Any CPU
		{B0F3A0BD-A96E-4A9E-A128-53D5582B09A7}.Debug|Any CPU.ActiveCfg = Debug|Any CPU
		{B0F3A0BD-A96E-4A9E-A128-53D5582B09A7}.Debug|Any CPU.Build.0 = Debug|Any CPU
		{B0F3A0BD-A96E-4A9E-A128-53D5582B09A7}.Release|Any CPU.ActiveCfg = Release|Any CPU
		{B0F3A0BD-A96E-4A9E-A128-53D5582B09A7}.Release|Any CPU.Build.0 = Release|Any CPU
		{CD41CAE6-5523-4363-AA69-9EBEC6AE9261}.Debug|Any CPU.ActiveCfg = Debug|Any CPU
		{CD41CAE6-5523-4363-AA69-9EBEC6AE9261}.Debug|Any CPU.Build.0 = Debug|Any CPU
		{CD41CAE6-5523-4363-AA69-9EBEC6AE9261}.Release|Any CPU.ActiveCfg = Release|Any CPU
		{CD41CAE6-5523-4363-AA69-9EBEC6AE9261}.Release|Any CPU.Build.0 = Release|Any CPU
		{2321D1A6-837A-4B2E-B315-159A5F189222}.Debug|Any CPU.ActiveCfg = Debug|Any CPU
		{2321D1A6-837A-4B2E-B315-159A5F189222}.Debug|Any CPU.Build.0 = Debug|Any CPU
		{2321D1A6-837A-4B2E-B315-159A5F189222}.Release|Any CPU.ActiveCfg = Release|Any CPU
		{2321D1A6-837A-4B2E-B315-159A5F189222}.Release|Any CPU.Build.0 = Release|Any CPU
		{CCC4E037-F3B5-4135-8F52-B1016E8C7931}.Debug|Any CPU.ActiveCfg = Debug|Any CPU
		{CCC4E037-F3B5-4135-8F52-B1016E8C7931}.Debug|Any CPU.Build.0 = Debug|Any CPU
		{CCC4E037-F3B5-4135-8F52-B1016E8C7931}.Release|Any CPU.ActiveCfg = Release|Any CPU
		{CCC4E037-F3B5-4135-8F52-B1016E8C7931}.Release|Any CPU.Build.0 = Release|Any CPU
		{98337D51-88F2-427F-9A88-5A5F54CBE2DC}.Debug|Any CPU.ActiveCfg = Debug|Any CPU
		{98337D51-88F2-427F-9A88-5A5F54CBE2DC}.Debug|Any CPU.Build.0 = Debug|Any CPU
		{98337D51-88F2-427F-9A88-5A5F54CBE2DC}.Release|Any CPU.ActiveCfg = Release|Any CPU
		{98337D51-88F2-427F-9A88-5A5F54CBE2DC}.Release|Any CPU.Build.0 = Release|Any CPU
		{52C9B47E-5147-4999-8651-D17C81CB4416}.Debug|Any CPU.ActiveCfg = Debug|Any CPU
		{52C9B47E-5147-4999-8651-D17C81CB4416}.Debug|Any CPU.Build.0 = Debug|Any CPU
		{52C9B47E-5147-4999-8651-D17C81CB4416}.Release|Any CPU.ActiveCfg = Release|Any CPU
		{52C9B47E-5147-4999-8651-D17C81CB4416}.Release|Any CPU.Build.0 = Release|Any CPU
		{1D02C9C2-EDC2-4F02-B84A-4D04CD58DD1E}.Debug|Any CPU.ActiveCfg = Debug|Any CPU
		{1D02C9C2-EDC2-4F02-B84A-4D04CD58DD1E}.Debug|Any CPU.Build.0 = Debug|Any CPU
		{1D02C9C2-EDC2-4F02-B84A-4D04CD58DD1E}.Release|Any CPU.ActiveCfg = Release|Any CPU
		{1D02C9C2-EDC2-4F02-B84A-4D04CD58DD1E}.Release|Any CPU.Build.0 = Release|Any CPU
		{103B5626-A9ED-460B-B628-8FADD98FD6F1}.Debug|Any CPU.ActiveCfg = Debug|Any CPU
		{103B5626-A9ED-460B-B628-8FADD98FD6F1}.Debug|Any CPU.Build.0 = Debug|Any CPU
		{103B5626-A9ED-460B-B628-8FADD98FD6F1}.Release|Any CPU.ActiveCfg = Release|Any CPU
		{103B5626-A9ED-460B-B628-8FADD98FD6F1}.Release|Any CPU.Build.0 = Release|Any CPU
		{34A8A125-2BF7-4839-BE70-527BD37CAC60}.Debug|Any CPU.ActiveCfg = Debug|Any CPU
		{34A8A125-2BF7-4839-BE70-527BD37CAC60}.Debug|Any CPU.Build.0 = Debug|Any CPU
		{34A8A125-2BF7-4839-BE70-527BD37CAC60}.Release|Any CPU.ActiveCfg = Release|Any CPU
		{34A8A125-2BF7-4839-BE70-527BD37CAC60}.Release|Any CPU.Build.0 = Release|Any CPU
		{0FD7451E-D429-4C7E-8C2D-E2CD1946C545}.Debug|Any CPU.ActiveCfg = Debug|Any CPU
		{0FD7451E-D429-4C7E-8C2D-E2CD1946C545}.Debug|Any CPU.Build.0 = Debug|Any CPU
		{0FD7451E-D429-4C7E-8C2D-E2CD1946C545}.Release|Any CPU.ActiveCfg = Release|Any CPU
		{0FD7451E-D429-4C7E-8C2D-E2CD1946C545}.Release|Any CPU.Build.0 = Release|Any CPU
		{6FC47282-1AAC-4954-A1FA-C7EB128A8C5A}.Debug|Any CPU.ActiveCfg = Debug|Any CPU
		{6FC47282-1AAC-4954-A1FA-C7EB128A8C5A}.Debug|Any CPU.Build.0 = Debug|Any CPU
		{6FC47282-1AAC-4954-A1FA-C7EB128A8C5A}.Release|Any CPU.ActiveCfg = Release|Any CPU
		{6FC47282-1AAC-4954-A1FA-C7EB128A8C5A}.Release|Any CPU.Build.0 = Release|Any CPU
		{A90FFBCA-11D9-471D-BCB3-5376BDE5E6E9}.Debug|Any CPU.ActiveCfg = Debug|Any CPU
		{A90FFBCA-11D9-471D-BCB3-5376BDE5E6E9}.Debug|Any CPU.Build.0 = Debug|Any CPU
		{A90FFBCA-11D9-471D-BCB3-5376BDE5E6E9}.Release|Any CPU.ActiveCfg = Release|Any CPU
		{A90FFBCA-11D9-471D-BCB3-5376BDE5E6E9}.Release|Any CPU.Build.0 = Release|Any CPU
		{B01EB9F7-7BFD-442B-898E-9912DC7415C6}.Debug|Any CPU.ActiveCfg = Debug|Any CPU
		{B01EB9F7-7BFD-442B-898E-9912DC7415C6}.Debug|Any CPU.Build.0 = Debug|Any CPU
		{B01EB9F7-7BFD-442B-898E-9912DC7415C6}.Release|Any CPU.ActiveCfg = Release|Any CPU
		{B01EB9F7-7BFD-442B-898E-9912DC7415C6}.Release|Any CPU.Build.0 = Release|Any CPU
		{C978C43B-39C5-449D-9DED-E9CDE3CB273F}.Debug|Any CPU.ActiveCfg = Debug|Any CPU
		{C978C43B-39C5-449D-9DED-E9CDE3CB273F}.Debug|Any CPU.Build.0 = Debug|Any CPU
		{C978C43B-39C5-449D-9DED-E9CDE3CB273F}.Release|Any CPU.ActiveCfg = Release|Any CPU
		{C978C43B-39C5-449D-9DED-E9CDE3CB273F}.Release|Any CPU.Build.0 = Release|Any CPU
		{27F2C0DF-13F7-4476-A6B6-5D85E04BB72C}.Debug|Any CPU.ActiveCfg = Debug|Any CPU
		{27F2C0DF-13F7-4476-A6B6-5D85E04BB72C}.Debug|Any CPU.Build.0 = Debug|Any CPU
		{27F2C0DF-13F7-4476-A6B6-5D85E04BB72C}.Release|Any CPU.ActiveCfg = Release|Any CPU
		{27F2C0DF-13F7-4476-A6B6-5D85E04BB72C}.Release|Any CPU.Build.0 = Release|Any CPU
		{9EED6A95-6A8C-46A1-BC24-622DE0B9FB51}.Debug|Any CPU.ActiveCfg = Debug|Any CPU
		{9EED6A95-6A8C-46A1-BC24-622DE0B9FB51}.Debug|Any CPU.Build.0 = Debug|Any CPU
		{9EED6A95-6A8C-46A1-BC24-622DE0B9FB51}.Release|Any CPU.ActiveCfg = Release|Any CPU
		{9EED6A95-6A8C-46A1-BC24-622DE0B9FB51}.Release|Any CPU.Build.0 = Release|Any CPU
		{1C4DFBB1-00BB-480F-9AFC-E6FCDD4BB76D}.Debug|Any CPU.ActiveCfg = Debug|Any CPU
		{1C4DFBB1-00BB-480F-9AFC-E6FCDD4BB76D}.Debug|Any CPU.Build.0 = Debug|Any CPU
		{1C4DFBB1-00BB-480F-9AFC-E6FCDD4BB76D}.Release|Any CPU.ActiveCfg = Release|Any CPU
		{1C4DFBB1-00BB-480F-9AFC-E6FCDD4BB76D}.Release|Any CPU.Build.0 = Release|Any CPU
		{253FA650-8711-4ADD-B51B-09A17058E8AC}.Debug|Any CPU.ActiveCfg = Debug|Any CPU
		{253FA650-8711-4ADD-B51B-09A17058E8AC}.Debug|Any CPU.Build.0 = Debug|Any CPU
		{253FA650-8711-4ADD-B51B-09A17058E8AC}.Release|Any CPU.ActiveCfg = Release|Any CPU
		{253FA650-8711-4ADD-B51B-09A17058E8AC}.Release|Any CPU.Build.0 = Release|Any CPU
		{5D9B76E3-F0C5-4344-B5A7-EEBAA56F9B53}.Debug|Any CPU.ActiveCfg = Debug|Any CPU
		{5D9B76E3-F0C5-4344-B5A7-EEBAA56F9B53}.Debug|Any CPU.Build.0 = Debug|Any CPU
		{5D9B76E3-F0C5-4344-B5A7-EEBAA56F9B53}.Release|Any CPU.ActiveCfg = Release|Any CPU
		{5D9B76E3-F0C5-4344-B5A7-EEBAA56F9B53}.Release|Any CPU.Build.0 = Release|Any CPU
		{16CC5A38-5135-45A6-BC42-A01DB19520CD}.Debug|Any CPU.ActiveCfg = Debug|Any CPU
		{16CC5A38-5135-45A6-BC42-A01DB19520CD}.Debug|Any CPU.Build.0 = Debug|Any CPU
		{16CC5A38-5135-45A6-BC42-A01DB19520CD}.Release|Any CPU.ActiveCfg = Release|Any CPU
		{16CC5A38-5135-45A6-BC42-A01DB19520CD}.Release|Any CPU.Build.0 = Release|Any CPU
		{4CE31AF3-280E-48C9-9791-A62BC051975D}.Debug|Any CPU.ActiveCfg = Debug|Any CPU
		{4CE31AF3-280E-48C9-9791-A62BC051975D}.Debug|Any CPU.Build.0 = Debug|Any CPU
		{4CE31AF3-280E-48C9-9791-A62BC051975D}.Release|Any CPU.ActiveCfg = Release|Any CPU
		{4CE31AF3-280E-48C9-9791-A62BC051975D}.Release|Any CPU.Build.0 = Release|Any CPU
		{06948CA2-1FCC-4C45-B4F9-8CA0C66DEDEC}.Debug|Any CPU.ActiveCfg = Debug|Any CPU
		{06948CA2-1FCC-4C45-B4F9-8CA0C66DEDEC}.Debug|Any CPU.Build.0 = Debug|Any CPU
		{06948CA2-1FCC-4C45-B4F9-8CA0C66DEDEC}.Release|Any CPU.ActiveCfg = Release|Any CPU
		{06948CA2-1FCC-4C45-B4F9-8CA0C66DEDEC}.Release|Any CPU.Build.0 = Release|Any CPU
		{38BDE767-CAAE-4B8A-B2F8-4E7596D60718}.Debug|Any CPU.ActiveCfg = Debug|Any CPU
		{38BDE767-CAAE-4B8A-B2F8-4E7596D60718}.Debug|Any CPU.Build.0 = Debug|Any CPU
		{38BDE767-CAAE-4B8A-B2F8-4E7596D60718}.Release|Any CPU.ActiveCfg = Release|Any CPU
		{38BDE767-CAAE-4B8A-B2F8-4E7596D60718}.Release|Any CPU.Build.0 = Release|Any CPU
		{6498D814-493A-4D80-9895-CC9E502291B2}.Debug|Any CPU.ActiveCfg = Debug|Any CPU
		{6498D814-493A-4D80-9895-CC9E502291B2}.Debug|Any CPU.Build.0 = Debug|Any CPU
		{6498D814-493A-4D80-9895-CC9E502291B2}.Release|Any CPU.ActiveCfg = Release|Any CPU
		{6498D814-493A-4D80-9895-CC9E502291B2}.Release|Any CPU.Build.0 = Release|Any CPU
		{719A00BC-9774-4906-AA62-495D17DE919B}.Debug|Any CPU.ActiveCfg = Debug|Any CPU
		{719A00BC-9774-4906-AA62-495D17DE919B}.Debug|Any CPU.Build.0 = Debug|Any CPU
		{719A00BC-9774-4906-AA62-495D17DE919B}.Release|Any CPU.ActiveCfg = Release|Any CPU
		{719A00BC-9774-4906-AA62-495D17DE919B}.Release|Any CPU.Build.0 = Release|Any CPU
		{8C493161-F3C2-453A-80D2-F96D4A11EADF}.Debug|Any CPU.ActiveCfg = Debug|Any CPU
		{8C493161-F3C2-453A-80D2-F96D4A11EADF}.Debug|Any CPU.Build.0 = Debug|Any CPU
		{8C493161-F3C2-453A-80D2-F96D4A11EADF}.Release|Any CPU.ActiveCfg = Release|Any CPU
		{8C493161-F3C2-453A-80D2-F96D4A11EADF}.Release|Any CPU.Build.0 = Release|Any CPU
		{ED6FDBF4-F828-46BF-8DBC-07A36620C613}.Debug|Any CPU.ActiveCfg = Debug|Any CPU
		{ED6FDBF4-F828-46BF-8DBC-07A36620C613}.Debug|Any CPU.Build.0 = Debug|Any CPU
		{ED6FDBF4-F828-46BF-8DBC-07A36620C613}.Release|Any CPU.ActiveCfg = Release|Any CPU
		{ED6FDBF4-F828-46BF-8DBC-07A36620C613}.Release|Any CPU.Build.0 = Release|Any CPU
	EndGlobalSection
	GlobalSection(SolutionProperties) = preSolution
		HideSolutionNode = FALSE
	EndGlobalSection
	GlobalSection(ExtensibilityGlobals) = postSolution
		SolutionGuid = {711C7CC1-E76D-454F-BE30-DB92833BE3FD}
	EndGlobalSection
EndGlobal
