
Microsoft Visual Studio Solution File, Format Version 12.00
# Visual Studio Version 16
VisualStudioVersion = 16.0.33801.447
MinimumVisualStudioVersion = 10.0.40219.1
Project("{FAE04EC0-301F-11D3-BF4B-00C04F79EFBC}") = "Proje1", "Proje1\Proje1.csproj", "{D9E45FCA-AD59-44D3-9CB7-307BC002FB1A}"
EndProject
Project("{FAE04EC0-301F-11D3-BF4B-00C04F79EFBC}") = "Proje2", "Proje2\Proje2.csproj", "{31A866F3-952E-469A-9B32-26DA65600BE1}"
EndProject
Project("{FAE04EC0-301F-11D3-BF4B-00C04F79EFBC}") = "Proje3", "Proje3\Proje3.csproj", "{438826A1-5005-4BE2-88BE-9E4D31AC20F4}"
EndProject
Project("{FAE04EC0-301F-11D3-BF4B-00C04F79EFBC}") = "Proje4", "Proje4\Proje4.csproj", "{AFB45946-C21B-478D-8706-BD4BBB978D55}"
EndProject
Project("{FAE04EC0-301F-11D3-BF4B-00C04F79EFBC}") = "Proje5", "Proje5\Proje5.csproj", "{3387E35E-E314-48BA-B442-D9D2F4AD7474}"
EndProject
Project("{FAE04EC0-301F-11D3-BF4B-00C04F79EFBC}") = "Proje6", "Proje6\Proje6.csproj", "{3C19F471-1630-49CD-8C82-142CDFEBA23D}"
EndProject
Global
	GlobalSection(SolutionConfigurationPlatforms) = preSolution
		Debug|Any CPU = Debug|Any CPU
		Release|Any CPU = Release|Any CPU
	EndGlobalSection
	GlobalSection(ProjectConfigurationPlatforms) = postSolution
		{D9E45FCA-AD59-44D3-9CB7-307BC002FB1A}.Debug|Any CPU.ActiveCfg = Debug|Any CPU
		{D9E45FCA-AD59-44D3-9CB7-307BC002FB1A}.Debug|Any CPU.Build.0 = Debug|Any CPU
		{D9E45FCA-AD59-44D3-9CB7-307BC002FB1A}.Release|Any CPU.ActiveCfg = Release|Any CPU
		{D9E45FCA-AD59-44D3-9CB7-307BC002FB1A}.Release|Any CPU.Build.0 = Release|Any CPU
		{31A866F3-952E-469A-9B32-26DA65600BE1}.Debug|Any CPU.ActiveCfg = Debug|Any CPU
		{31A866F3-952E-469A-9B32-26DA65600BE1}.Debug|Any CPU.Build.0 = Debug|Any CPU
		{31A866F3-952E-469A-9B32-26DA65600BE1}.Release|Any CPU.ActiveCfg = Release|Any CPU
		{31A866F3-952E-469A-9B32-26DA65600BE1}.Release|Any CPU.Build.0 = Release|Any CPU
		{438826A1-5005-4BE2-88BE-9E4D31AC20F4}.Debug|Any CPU.ActiveCfg = Debug|Any CPU
		{438826A1-5005-4BE2-88BE-9E4D31AC20F4}.Debug|Any CPU.Build.0 = Debug|Any CPU
		{438826A1-5005-4BE2-88BE-9E4D31AC20F4}.Release|Any CPU.ActiveCfg = Release|Any CPU
		{438826A1-5005-4BE2-88BE-9E4D31AC20F4}.Release|Any CPU.Build.0 = Release|Any CPU
		{AFB45946-C21B-478D-8706-BD4BBB978D55}.Debug|Any CPU.ActiveCfg = Debug|Any CPU
		{AFB45946-C21B-478D-8706-BD4BBB978D55}.Debug|Any CPU.Build.0 = Debug|Any CPU
		{AFB45946-C21B-478D-8706-BD4BBB978D55}.Release|Any CPU.ActiveCfg = Release|Any CPU
		{AFB45946-C21B-478D-8706-BD4BBB978D55}.Release|Any CPU.Build.0 = Release|Any CPU
		{3387E35E-E314-48BA-B442-D9D2F4AD7474}.Debug|Any CPU.ActiveCfg = Debug|Any CPU
		{3387E35E-E314-48BA-B442-D9D2F4AD7474}.Debug|Any CPU.Build.0 = Debug|Any CPU
		{3387E35E-E314-48BA-B442-D9D2F4AD7474}.Release|Any CPU.ActiveCfg = Release|Any CPU
		{3387E35E-E314-48BA-B442-D9D2F4AD7474}.Release|Any CPU.Build.0 = Release|Any CPU
		{3C19F471-1630-49CD-8C82-142CDFEBA23D}.Debug|Any CPU.ActiveCfg = Debug|Any CPU
		{3C19F471-1630-49CD-8C82-142CDFEBA23D}.Debug|Any CPU.Build.0 = Debug|Any CPU
		{3C19F471-1630-49CD-8C82-142CDFEBA23D}.Release|Any CPU.ActiveCfg = Release|Any CPU
		{3C19F471-1630-49CD-8C82-142CDFEBA23D}.Release|Any CPU.Build.0 = Release|Any CPU
	EndGlobalSection
	GlobalSection(SolutionProperties) = preSolution
		HideSolutionNode = FALSE
	EndGlobalSection
	GlobalSection(ExtensibilityGlobals) = postSolution
		SolutionGuid = {005A0656-A27E-4793-8F6F-808234B069AD}
	EndGlobalSection
EndGlobal
